// !$*UTF8*$!
{
	archiveVersion = 1;
	classes = {
	};
	objectVersion = 48;
	objects = {

/* Begin PBXBuildFile section */
		09D689352018DBA900D9171F /* AppDelegate.m in Sources */ = {isa = PBXBuildFile; fileRef = 09D689342018DBA900D9171F /* AppDelegate.m */; };
		09D689382018DBA900D9171F /* ViewController.m in Sources */ = {isa = PBXBuildFile; fileRef = 09D689372018DBA900D9171F /* ViewController.m */; };
		09D6893B2018DBA900D9171F /* Main.storyboard in Resources */ = {isa = PBXBuildFile; fileRef = 09D689392018DBA900D9171F /* Main.storyboard */; };
		09D6893D2018DBA900D9171F /* Assets.xcassets in Resources */ = {isa = PBXBuildFile; fileRef = 09D6893C2018DBA900D9171F /* Assets.xcassets */; };
		09D689402018DBA900D9171F /* LaunchScreen.storyboard in Resources */ = {isa = PBXBuildFile; fileRef = 09D6893E2018DBA900D9171F /* LaunchScreen.storyboard */; };
		09D689432018DBA900D9171F /* main.m in Sources */ = {isa = PBXBuildFile; fileRef = 09D689422018DBA900D9171F /* main.m */; };
		09D6894B2018DC0C00D9171F /* DiscosModel.xcdatamodeld in Sources */ = {isa = PBXBuildFile; fileRef = 09D689492018DC0C00D9171F /* DiscosModel.xcdatamodeld */; };
		09D689552018E57200D9171F /* Disco+CoreDataClass.m in Sources */ = {isa = PBXBuildFile; fileRef = 09D6894E2018E57200D9171F /* Disco+CoreDataClass.m */; };
		09D689562018E57200D9171F /* Disco+CoreDataProperties.m in Sources */ = {isa = PBXBuildFile; fileRef = 09D689502018E57200D9171F /* Disco+CoreDataProperties.m */; };
		09D689572018E57200D9171F /* Artista+CoreDataClass.m in Sources */ = {isa = PBXBuildFile; fileRef = 09D689522018E57200D9171F /* Artista+CoreDataClass.m */; };
		09D689582018E57200D9171F /* Artista+CoreDataProperties.m in Sources */ = {isa = PBXBuildFile; fileRef = 09D689542018E57200D9171F /* Artista+CoreDataProperties.m */; };
		09D6895B2018E71400D9171F /* BaseDatos.m in Sources */ = {isa = PBXBuildFile; fileRef = 09D6895A2018E71400D9171F /* BaseDatos.m */; };
		09D6895E2018F76200D9171F /* ArtistasTableViewController.m in Sources */ = {isa = PBXBuildFile; fileRef = 09D6895D2018F76200D9171F /* ArtistasTableViewController.m */; };
		09D689622019123400D9171F /* DiscosTableViewController.m in Sources */ = {isa = PBXBuildFile; fileRef = 09D689612019123400D9171F /* DiscosTableViewController.m */; };
/* End PBXBuildFile section */

/* Begin PBXFileReference section */
		09D689302018DBA900D9171F /* PruebasBBDD.app */ = {isa = PBXFileReference; explicitFileType = wrapper.application; includeInIndex = 0; path = PruebasBBDD.app; sourceTree = BUILT_PRODUCTS_DIR; };
		09D689332018DBA900D9171F /* AppDelegate.h */ = {isa = PBXFileReference; lastKnownFileType = sourcecode.c.h; path = AppDelegate.h; sourceTree = "<group>"; };
		09D689342018DBA900D9171F /* AppDelegate.m */ = {isa = PBXFileReference; lastKnownFileType = sourcecode.c.objc; path = AppDelegate.m; sourceTree = "<group>"; };
		09D689362018DBA900D9171F /* ViewController.h */ = {isa = PBXFileReference; lastKnownFileType = sourcecode.c.h; path = ViewController.h; sourceTree = "<group>"; };
		09D689372018DBA900D9171F /* ViewController.m */ = {isa = PBXFileReference; lastKnownFileType = sourcecode.c.objc; path = ViewController.m; sourceTree = "<group>"; };
		09D6893A2018DBA900D9171F /* Base */ = {isa = PBXFileReference; lastKnownFileType = file.storyboard; name = Base; path = Base.lproj/Main.storyboard; sourceTree = "<group>"; };
		09D6893C2018DBA900D9171F /* Assets.xcassets */ = {isa = PBXFileReference; lastKnownFileType = folder.assetcatalog; path = Assets.xcassets; sourceTree = "<group>"; };
		09D6893F2018DBA900D9171F /* Base */ = {isa = PBXFileReference; lastKnownFileType = file.storyboard; name = Base; path = Base.lproj/LaunchScreen.storyboard; sourceTree = "<group>"; };
		09D689412018DBA900D9171F /* Info.plist */ = {isa = PBXFileReference; lastKnownFileType = text.plist.xml; path = Info.plist; sourceTree = "<group>"; };
		09D689422018DBA900D9171F /* main.m */ = {isa = PBXFileReference; lastKnownFileType = sourcecode.c.objc; path = main.m; sourceTree = "<group>"; };
		09D6894A2018DC0C00D9171F /* DiscosModel.xcdatamodel */ = {isa = PBXFileReference; lastKnownFileType = wrapper.xcdatamodel; path = DiscosModel.xcdatamodel; sourceTree = "<group>"; };
		09D6894D2018E57200D9171F /* Disco+CoreDataClass.h */ = {isa = PBXFileReference; lastKnownFileType = sourcecode.c.h; path = "Disco+CoreDataClass.h"; sourceTree = "<group>"; };
		09D6894E2018E57200D9171F /* Disco+CoreDataClass.m */ = {isa = PBXFileReference; lastKnownFileType = sourcecode.c.objc; path = "Disco+CoreDataClass.m"; sourceTree = "<group>"; };
		09D6894F2018E57200D9171F /* Disco+CoreDataProperties.h */ = {isa = PBXFileReference; lastKnownFileType = sourcecode.c.h; path = "Disco+CoreDataProperties.h"; sourceTree = "<group>"; };
		09D689502018E57200D9171F /* Disco+CoreDataProperties.m */ = {isa = PBXFileReference; lastKnownFileType = sourcecode.c.objc; path = "Disco+CoreDataProperties.m"; sourceTree = "<group>"; };
		09D689512018E57200D9171F /* Artista+CoreDataClass.h */ = {isa = PBXFileReference; lastKnownFileType = sourcecode.c.h; path = "Artista+CoreDataClass.h"; sourceTree = "<group>"; };
		09D689522018E57200D9171F /* Artista+CoreDataClass.m */ = {isa = PBXFileReference; lastKnownFileType = sourcecode.c.objc; path = "Artista+CoreDataClass.m"; sourceTree = "<group>"; };
		09D689532018E57200D9171F /* Artista+CoreDataProperties.h */ = {isa = PBXFileReference; lastKnownFileType = sourcecode.c.h; path = "Artista+CoreDataProperties.h"; sourceTree = "<group>"; };
		09D689542018E57200D9171F /* Artista+CoreDataProperties.m */ = {isa = PBXFileReference; lastKnownFileType = sourcecode.c.objc; path = "Artista+CoreDataProperties.m"; sourceTree = "<group>"; };
		09D689592018E71400D9171F /* BaseDatos.h */ = {isa = PBXFileReference; lastKnownFileType = sourcecode.c.h; path = BaseDatos.h; sourceTree = "<group>"; };
		09D6895A2018E71400D9171F /* BaseDatos.m */ = {isa = PBXFileReference; lastKnownFileType = sourcecode.c.objc; path = BaseDatos.m; sourceTree = "<group>"; };
		09D6895C2018F76200D9171F /* ArtistasTableViewController.h */ = {isa = PBXFileReference; lastKnownFileType = sourcecode.c.h; path = ArtistasTableViewController.h; sourceTree = "<group>"; };
		09D6895D2018F76200D9171F /* ArtistasTableViewController.m */ = {isa = PBXFileReference; lastKnownFileType = sourcecode.c.objc; path = ArtistasTableViewController.m; sourceTree = "<group>"; };
		09D689602019123400D9171F /* DiscosTableViewController.h */ = {isa = PBXFileReference; lastKnownFileType = sourcecode.c.h; path = DiscosTableViewController.h; sourceTree = "<group>"; };
		09D689612019123400D9171F /* DiscosTableViewController.m */ = {isa = PBXFileReference; lastKnownFileType = sourcecode.c.objc; path = DiscosTableViewController.m; sourceTree = "<group>"; };
/* End PBXFileReference section */

/* Begin PBXFrameworksBuildPhase section */
		09D6892D2018DBA900D9171F /* Frameworks */ = {
			isa = PBXFrameworksBuildPhase;
			buildActionMask = 2147483647;
			files = (
			);
			runOnlyForDeploymentPostprocessing = 0;
		};
/* End PBXFrameworksBuildPhase section */

/* Begin PBXGroup section */
		09D689272018DBA900D9171F = {
			isa = PBXGroup;
			children = (
				09D689322018DBA900D9171F /* PruebasBBDD */,
				09D689312018DBA900D9171F /* Products */,
			);
			sourceTree = "<group>";
		};
		09D689312018DBA900D9171F /* Products */ = {
			isa = PBXGroup;
			children = (
				09D689302018DBA900D9171F /* PruebasBBDD.app */,
			);
			name = Products;
			sourceTree = "<group>";
		};
		09D689322018DBA900D9171F /* PruebasBBDD */ = {
			isa = PBXGroup;
			children = (
				09D689332018DBA900D9171F /* AppDelegate.h */,
				09D689342018DBA900D9171F /* AppDelegate.m */,
				09D689362018DBA900D9171F /* ViewController.h */,
				09D689372018DBA900D9171F /* ViewController.m */,
				09D689392018DBA900D9171F /* Main.storyboard */,
				09D6893C2018DBA900D9171F /* Assets.xcassets */,
				09D6893E2018DBA900D9171F /* LaunchScreen.storyboard */,
				09D689412018DBA900D9171F /* Info.plist */,
				09D689422018DBA900D9171F /* main.m */,
				09D689492018DC0C00D9171F /* DiscosModel.xcdatamodeld */,
				09D6894C2018E48F00D9171F /* Modelo */,
				09D689592018E71400D9171F /* BaseDatos.h */,
				09D6895A2018E71400D9171F /* BaseDatos.m */,
				09D6895F2018F76C00D9171F /* Controladores */,
			);
			path = PruebasBBDD;
			sourceTree = "<group>";
		};
		09D6894C2018E48F00D9171F /* Modelo */ = {
			isa = PBXGroup;
			children = (
				09D6894D2018E57200D9171F /* Disco+CoreDataClass.h */,
				09D6894E2018E57200D9171F /* Disco+CoreDataClass.m */,
				09D6894F2018E57200D9171F /* Disco+CoreDataProperties.h */,
				09D689502018E57200D9171F /* Disco+CoreDataProperties.m */,
				09D689512018E57200D9171F /* Artista+CoreDataClass.h */,
				09D689522018E57200D9171F /* Artista+CoreDataClass.m */,
				09D689532018E57200D9171F /* Artista+CoreDataProperties.h */,
				09D689542018E57200D9171F /* Artista+CoreDataProperties.m */,
			);
			name = Modelo;
			path = Base.lproj/Modelo;
			sourceTree = "<group>";
		};
		09D6895F2018F76C00D9171F /* Controladores */ = {
			isa = PBXGroup;
			children = (
				09D6895D2018F76200D9171F /* ArtistasTableViewController.m */,
				09D6895C2018F76200D9171F /* ArtistasTableViewController.h */,
				09D689602019123400D9171F /* DiscosTableViewController.h */,
				09D689612019123400D9171F /* DiscosTableViewController.m */,
			);
			path = Controladores;
			sourceTree = "<group>";
		};
/* End PBXGroup section */

/* Begin PBXNativeTarget section */
		09D6892F2018DBA900D9171F /* PruebasBBDD */ = {
			isa = PBXNativeTarget;
			buildConfigurationList = 09D689462018DBA900D9171F /* Build configuration list for PBXNativeTarget "PruebasBBDD" */;
			buildPhases = (
				09D6892C2018DBA900D9171F /* Sources */,
				09D6892D2018DBA900D9171F /* Frameworks */,
				09D6892E2018DBA900D9171F /* Resources */,
			);
			buildRules = (
			);
			dependencies = (
			);
			name = PruebasBBDD;
			productName = PruebasBBDD;
			productReference = 09D689302018DBA900D9171F /* PruebasBBDD.app */;
			productType = "com.apple.product-type.application";
		};
/* End PBXNativeTarget section */

/* Begin PBXProject section */
		09D689282018DBA900D9171F /* Project object */ = {
			isa = PBXProject;
			attributes = {
				LastUpgradeCheck = 0920;
				ORGANIZATIONNAME = TATINC;
				TargetAttributes = {
					09D6892F2018DBA900D9171F = {
						CreatedOnToolsVersion = 9.2;
						ProvisioningStyle = Automatic;
					};
				};
			};
			buildConfigurationList = 09D6892B2018DBA900D9171F /* Build configuration list for PBXProject "PruebasBBDD" */;
			compatibilityVersion = "Xcode 8.0";
			developmentRegion = en;
			hasScannedForEncodings = 0;
			knownRegions = (
				en,
				Base,
			);
			mainGroup = 09D689272018DBA900D9171F;
			productRefGroup = 09D689312018DBA900D9171F /* Products */;
			projectDirPath = "";
			projectRoot = "";
			targets = (
				09D6892F2018DBA900D9171F /* PruebasBBDD */,
			);
		};
/* End PBXProject section */

/* Begin PBXResourcesBuildPhase section */
		09D6892E2018DBA900D9171F /* Resources */ = {
			isa = PBXResourcesBuildPhase;
			buildActionMask = 2147483647;
			files = (
				09D689402018DBA900D9171F /* LaunchScreen.storyboard in Resources */,
				09D6893D2018DBA900D9171F /* Assets.xcassets in Resources */,
				09D6893B2018DBA900D9171F /* Main.storyboard in Resources */,
			);
			runOnlyForDeploymentPostprocessing = 0;
		};
/* End PBXResourcesBuildPhase section */

/* Begin PBXSourcesBuildPhase section */
		09D6892C2018DBA900D9171F /* Sources */ = {
			isa = PBXSourcesBuildPhase;
			buildActionMask = 2147483647;
			files = (
				09D689382018DBA900D9171F /* ViewController.m in Sources */,
				09D689432018DBA900D9171F /* main.m in Sources */,
				09D689582018E57200D9171F /* Artista+CoreDataProperties.m in Sources */,
				09D6894B2018DC0C00D9171F /* DiscosModel.xcdatamodeld in Sources */,
				09D6895E2018F76200D9171F /* ArtistasTableViewController.m in Sources */,
				09D689352018DBA900D9171F /* AppDelegate.m in Sources */,
				09D689572018E57200D9171F /* Artista+CoreDataClass.m in Sources */,
				09D689562018E57200D9171F /* Disco+CoreDataProperties.m in Sources */,
				09D6895B2018E71400D9171F /* BaseDatos.m in Sources */,
				09D689552018E57200D9171F /* Disco+CoreDataClass.m in Sources */,
				09D689622019123400D9171F /* DiscosTableViewController.m in Sources */,
			);
			runOnlyForDeploymentPostprocessing = 0;
		};
/* End PBXSourcesBuildPhase section */

/* Begin PBXVariantGroup section */
		09D689392018DBA900D9171F /* Main.storyboard */ = {
			isa = PBXVariantGroup;
			children = (
				09D6893A2018DBA900D9171F /* Base */,
			);
			name = Main.storyboard;
			sourceTree = "<group>";
		};
		09D6893E2018DBA900D9171F /* LaunchScreen.storyboard */ = {
			isa = PBXVariantGroup;
			children = (
				09D6893F2018DBA900D9171F /* Base */,
			);
			name = LaunchScreen.storyboard;
			sourceTree = "<group>";
		};
/* End PBXVariantGroup section */

/* Begin XCBuildConfiguration section */
		09D689442018DBA900D9171F /* Debug */ = {
			isa = XCBuildConfiguration;
			buildSettings = {
				ALWAYS_SEARCH_USER_PATHS = NO;
				CLANG_ANALYZER_NONNULL = YES;
				CLANG_ANALYZER_NUMBER_OBJECT_CONVERSION = YES_AGGRESSIVE;
				CLANG_CXX_LANGUAGE_STANDARD = "gnu++14";
				CLANG_CXX_LIBRARY = "libc++";
				CLANG_ENABLE_MODULES = YES;
				CLANG_ENABLE_OBJC_ARC = YES;
				CLANG_WARN_BLOCK_CAPTURE_AUTORELEASING = YES;
				CLANG_WARN_BOOL_CONVERSION = YES;
				CLANG_WARN_COMMA = YES;
				CLANG_WARN_CONSTANT_CONVERSION = YES;
				CLANG_WARN_DIRECT_OBJC_ISA_USAGE = YES_ERROR;
				CLANG_WARN_DOCUMENTATION_COMMENTS = YES;
				CLANG_WARN_EMPTY_BODY = YES;
				CLANG_WARN_ENUM_CONVERSION = YES;
				CLANG_WARN_INFINITE_RECURSION = YES;
				CLANG_WARN_INT_CONVERSION = YES;
				CLANG_WARN_NON_LITERAL_NULL_CONVERSION = YES;
				CLANG_WARN_OBJC_LITERAL_CONVERSION = YES;
				CLANG_WARN_OBJC_ROOT_CLASS = YES_ERROR;
				CLANG_WARN_RANGE_LOOP_ANALYSIS = YES;
				CLANG_WARN_STRICT_PROTOTYPES = YES;
				CLANG_WARN_SUSPICIOUS_MOVE = YES;
				CLANG_WARN_UNGUARDED_AVAILABILITY = YES_AGGRESSIVE;
				CLANG_WARN_UNREACHABLE_CODE = YES;
				CLANG_WARN__DUPLICATE_METHOD_MATCH = YES;
				CODE_SIGN_IDENTITY = "iPhone Developer";
				COPY_PHASE_STRIP = NO;
				DEBUG_INFORMATION_FORMAT = dwarf;
				ENABLE_STRICT_OBJC_MSGSEND = YES;
				ENABLE_TESTABILITY = YES;
				GCC_C_LANGUAGE_STANDARD = gnu11;
				GCC_DYNAMIC_NO_PIC = NO;
				GCC_NO_COMMON_BLOCKS = YES;
				GCC_OPTIMIZATION_LEVEL = 0;
				GCC_PREPROCESSOR_DEFINITIONS = (
					"DEBUG=1",
					"$(inherited)",
				);
				GCC_WARN_64_TO_32_BIT_CONVERSION = YES;
				GCC_WARN_ABOUT_RETURN_TYPE = YES_ERROR;
				GCC_WARN_UNDECLARED_SELECTOR = YES;
				GCC_WARN_UNINITIALIZED_AUTOS = YES_AGGRESSIVE;
				GCC_WARN_UNUSED_FUNCTION = YES;
				GCC_WARN_UNUSED_VARIABLE = YES;
				IPHONEOS_DEPLOYMENT_TARGET = 11.2;
				MTL_ENABLE_DEBUG_INFO = YES;
				ONLY_ACTIVE_ARCH = YES;
				SDKROOT = iphoneos;
			};
			name = Debug;
		};
		09D689452018DBA900D9171F /* Release */ = {
			isa = XCBuildConfiguration;
			buildSettings = {
				ALWAYS_SEARCH_USER_PATHS = NO;
				CLANG_ANALYZER_NONNULL = YES;
				CLANG_ANALYZER_NUMBER_OBJECT_CONVERSION = YES_AGGRESSIVE;
				CLANG_CXX_LANGUAGE_STANDARD = "gnu++14";
				CLANG_CXX_LIBRARY = "libc++";
				CLANG_ENABLE_MODULES = YES;
				CLANG_ENABLE_OBJC_ARC = YES;
				CLANG_WARN_BLOCK_CAPTURE_AUTORELEASING = YES;
				CLANG_WARN_BOOL_CONVERSION = YES;
				CLANG_WARN_COMMA = YES;
				CLANG_WARN_CONSTANT_CONVERSION = YES;
				CLANG_WARN_DIRECT_OBJC_ISA_USAGE = YES_ERROR;
				CLANG_WARN_DOCUMENTATION_COMMENTS = YES;
				CLANG_WARN_EMPTY_BODY = YES;
				CLANG_WARN_ENUM_CONVERSION = YES;
				CLANG_WARN_INFINITE_RECURSION = YES;
				CLANG_WARN_INT_CONVERSION = YES;
				CLANG_WARN_NON_LITERAL_NULL_CONVERSION = YES;
				CLANG_WARN_OBJC_LITERAL_CONVERSION = YES;
				CLANG_WARN_OBJC_ROOT_CLASS = YES_ERROR;
				CLANG_WARN_RANGE_LOOP_ANALYSIS = YES;
				CLANG_WARN_STRICT_PROTOTYPES = YES;
				CLANG_WARN_SUSPICIOUS_MOVE = YES;
				CLANG_WARN_UNGUARDED_AVAILABILITY = YES_AGGRESSIVE;
				CLANG_WARN_UNREACHABLE_CODE = YES;
				CLANG_WARN__DUPLICATE_METHOD_MATCH = YES;
				CODE_SIGN_IDENTITY = "iPhone Developer";
				COPY_PHASE_STRIP = NO;
				DEBUG_INFORMATION_FORMAT = "dwarf-with-dsym";
				ENABLE_NS_ASSERTIONS = NO;
				ENABLE_STRICT_OBJC_MSGSEND = YES;
				GCC_C_LANGUAGE_STANDARD = gnu11;
				GCC_NO_COMMON_BLOCKS = YES;
				GCC_WARN_64_TO_32_BIT_CONVERSION = YES;
				GCC_WARN_ABOUT_RETURN_TYPE = YES_ERROR;
				GCC_WARN_UNDECLARED_SELECTOR = YES;
				GCC_WARN_UNINITIALIZED_AUTOS = YES_AGGRESSIVE;
				GCC_WARN_UNUSED_FUNCTION = YES;
				GCC_WARN_UNUSED_VARIABLE = YES;
				IPHONEOS_DEPLOYMENT_TARGET = 11.2;
				MTL_ENABLE_DEBUG_INFO = NO;
				SDKROOT = iphoneos;
				VALIDATE_PRODUCT = YES;
			};
			name = Release;
		};
		09D689472018DBA900D9171F /* Debug */ = {
			isa = XCBuildConfiguration;
			buildSettings = {
				ASSETCATALOG_COMPILER_APPICON_NAME = AppIcon;
				CODE_SIGN_STYLE = Automatic;
				INFOPLIST_FILE = PruebasBBDD/Info.plist;
				LD_RUNPATH_SEARCH_PATHS = "$(inherited) @executable_path/Frameworks";
				PRODUCT_BUNDLE_IDENTIFIER = com.TATINC.PruebasBBDD;
				PRODUCT_NAME = "$(TARGET_NAME)";
				TARGETED_DEVICE_FAMILY = "1,2";
			};
			name = Debug;
		};
		09D689482018DBA900D9171F /* Release */ = {
			isa = XCBuildConfiguration;
			buildSettings = {
				ASSETCATALOG_COMPILER_APPICON_NAME = AppIcon;
				CODE_SIGN_STYLE = Automatic;
				INFOPLIST_FILE = PruebasBBDD/Info.plist;
				LD_RUNPATH_SEARCH_PATHS = "$(inherited) @executable_path/Frameworks";
				PRODUCT_BUNDLE_IDENTIFIER = com.TATINC.PruebasBBDD;
				PRODUCT_NAME = "$(TARGET_NAME)";
				TARGETED_DEVICE_FAMILY = "1,2";
			};
			name = Release;
		};
/* End XCBuildConfiguration section */

/* Begin XCConfigurationList section */
		09D6892B2018DBA900D9171F /* Build configuration list for PBXProject "PruebasBBDD" */ = {
			isa = XCConfigurationList;
			buildConfigurations = (
				09D689442018DBA900D9171F /* Debug */,
				09D689452018DBA900D9171F /* Release */,
			);
			defaultConfigurationIsVisible = 0;
			defaultConfigurationName = Release;
		};
		09D689462018DBA900D9171F /* Build configuration list for PBXNativeTarget "PruebasBBDD" */ = {
			isa = XCConfigurationList;
			buildConfigurations = (
				09D689472018DBA900D9171F /* Debug */,
				09D689482018DBA900D9171F /* Release */,
			);
			defaultConfigurationIsVisible = 0;
			defaultConfigurationName = Release;
		};
/* End XCConfigurationList section */

/* Begin XCVersionGroup section */
		09D689492018DC0C00D9171F /* DiscosModel.xcdatamodeld */ = {
			isa = XCVersionGroup;
			children = (
				09D6894A2018DC0C00D9171F /* DiscosModel.xcdatamodel */,
			);
			currentVersion = 09D6894A2018DC0C00D9171F /* DiscosModel.xcdatamodel */;
			path = DiscosModel.xcdatamodeld;
			sourceTree = "<group>";
			versionGroupType = wrapper.xcdatamodel;
		};
/* End XCVersionGroup section */
	};
	rootObject = 09D689282018DBA900D9171F /* Project object */;
}
